
Microsoft Visual Studio Solution File, Format Version 12.00
# Visual Studio Version 17
VisualStudioVersion = 17.13.35919.96
MinimumVisualStudioVersion = 10.0.40219.1
Project("{FAE04EC0-301F-11D3-BF4B-00C04F79EFBC}") = "IposV3WebAPI", "IposV3WebAPI\IposV3WebAPI.csproj", "{8425AF3C-DADE-4884-B923-12FEB0F614A2}"
EndProject
Project("{FAE04EC0-301F-11D3-BF4B-00C04F79EFBC}") = "DataAccess", "DataAccess\DataAccess.csproj", "{45E8AD2D-F6CC-99C0-B6AF-489676982DA4}"
EndProject
Project("{FAE04EC0-301F-11D3-BF4B-00C04F79EFBC}") = "KendoNET.DynamicLinq", "KendoNET.DynamicLinq\KendoNET.DynamicLinq.csproj", "{506762F4-8B68-63C2-19FB-8CA07D53C5EA}"
EndProject
Project("{FAE04EC0-301F-11D3-BF4B-00C04F79EFBC}") = "Logic", "Logic\Logic.csproj", "{8C823C04-518D-7F5D-DC1B-2C502C583C95}"
EndProject
Project("{FAE04EC0-301F-11D3-BF4B-00C04F79EFBC}") = "LogicModel", "LogicModel\LogicModel.csproj", "{E916EE6D-3502-E383-234B-BDBF3FF6CB55}"
EndProject
Global
	GlobalSection(SolutionConfigurationPlatforms) = preSolution
		Debug|Any CPU = Debug|Any CPU
		Release|Any CPU = Release|Any CPU
	EndGlobalSection
	GlobalSection(ProjectConfigurationPlatforms) = postSolution
		{8425AF3C-DADE-4884-B923-12FEB0F614A2}.Debug|Any CPU.ActiveCfg = Debug|Any CPU
		{8425AF3C-DADE-4884-B923-12FEB0F614A2}.Debug|Any CPU.Build.0 = Debug|Any CPU
		{8425AF3C-DADE-4884-B923-12FEB0F614A2}.Release|Any CPU.ActiveCfg = Release|Any CPU
		{8425AF3C-DADE-4884-B923-12FEB0F614A2}.Release|Any CPU.Build.0 = Release|Any CPU
		{45E8AD2D-F6CC-99C0-B6AF-489676982DA4}.Debug|Any CPU.ActiveCfg = Debug|x86
		{45E8AD2D-F6CC-99C0-B6AF-489676982DA4}.Debug|Any CPU.Build.0 = Debug|x86
		{45E8AD2D-F6CC-99C0-B6AF-489676982DA4}.Release|Any CPU.ActiveCfg = Release|x86
		{45E8AD2D-F6CC-99C0-B6AF-489676982DA4}.Release|Any CPU.Build.0 = Release|x86
		{506762F4-8B68-63C2-19FB-8CA07D53C5EA}.Debug|Any CPU.ActiveCfg = Debug|Any CPU
		{506762F4-8B68-63C2-19FB-8CA07D53C5EA}.Debug|Any CPU.Build.0 = Debug|Any CPU
		{506762F4-8B68-63C2-19FB-8CA07D53C5EA}.Release|Any CPU.ActiveCfg = Release|Any CPU
		{506762F4-8B68-63C2-19FB-8CA07D53C5EA}.Release|Any CPU.Build.0 = Release|Any CPU
		{8C823C04-518D-7F5D-DC1B-2C502C583C95}.Debug|Any CPU.ActiveCfg = Debug|Any CPU
		{8C823C04-518D-7F5D-DC1B-2C502C583C95}.Debug|Any CPU.Build.0 = Debug|Any CPU
		{8C823C04-518D-7F5D-DC1B-2C502C583C95}.Release|Any CPU.ActiveCfg = Release|Any CPU
		{8C823C04-518D-7F5D-DC1B-2C502C583C95}.Release|Any CPU.Build.0 = Release|Any CPU
		{E916EE6D-3502-E383-234B-BDBF3FF6CB55}.Debug|Any CPU.ActiveCfg = Debug|Any CPU
		{E916EE6D-3502-E383-234B-BDBF3FF6CB55}.Debug|Any CPU.Build.0 = Debug|Any CPU
		{E916EE6D-3502-E383-234B-BDBF3FF6CB55}.Release|Any CPU.ActiveCfg = Release|Any CPU
		{E916EE6D-3502-E383-234B-BDBF3FF6CB55}.Release|Any CPU.Build.0 = Release|Any CPU
	EndGlobalSection
	GlobalSection(SolutionProperties) = preSolution
		HideSolutionNode = FALSE
	EndGlobalSection
	GlobalSection(ExtensibilityGlobals) = postSolution
		SolutionGuid = {2FCF4B0D-864B-4E03-A304-80DBF9F1C7B0}
	EndGlobalSection
EndGlobal
